
Microsoft Visual Studio Solution File, Format Version 12.00
# Visual Studio Version 16
VisualStudioVersion = 16.0.29418.71
MinimumVisualStudioVersion = 10.0.40219.1
Project("{FAE04EC0-301F-11D3-BF4B-00C04F79EFBC}") = "MultiplicationTable", "MultiplicationTable\MultiplicationTable.csproj", "{DE465701-17BA-489C-AF6D-819776544760}"
EndProject
Global
	GlobalSection(SolutionConfigurationPlatforms) = preSolution
		Debug|Any CPU = Debug|Any CPU
		Release|Any CPU = Release|Any CPU
	EndGlobalSection
	GlobalSection(ProjectConfigurationPlatforms) = postSolution
		{DE465701-17BA-489C-AF6D-819776544760}.Debug|Any CPU.ActiveCfg = Debug|Any CPU
		{DE465701-17BA-489C-AF6D-819776544760}.Debug|Any CPU.Build.0 = Debug|Any CPU
		{DE465701-17BA-489C-AF6D-819776544760}.Release|Any CPU.ActiveCfg = Release|Any CPU
		{DE465701-17BA-489C-AF6D-819776544760}.Release|Any CPU.Build.0 = Release|Any CPU
	EndGlobalSection
	GlobalSection(SolutionProperties) = preSolution
		HideSolutionNode = FALSE
	EndGlobalSection
	GlobalSection(ExtensibilityGlobals) = postSolution
		SolutionGuid = {306A531F-3485-4669-AF95-EAC46D450E0C}
	EndGlobalSection
EndGlobal
